
Microsoft Visual Studio Solution File, Format Version 12.00
# Visual Studio Version 16
VisualStudioVersion = 16.0.30413.136
MinimumVisualStudioVersion = 10.0.40219.1
Project("{FAE04EC0-301F-11D3-BF4B-00C04F79EFBC}") = "exam", "exam\exam.csproj", "{FE760E7D-78D7-4285-9972-82892CA50521}"
EndProject
Project("{FAE04EC0-301F-11D3-BF4B-00C04F79EFBC}") = "exam2", "exam2\exam2.csproj", "{ECAC7FC8-789A-450C-82ED-D579088103DD}"
EndProject
Project("{FAE04EC0-301F-11D3-BF4B-00C04F79EFBC}") = "exam3", "exam3\exam3.csproj", "{002293DB-E6BA-4ED3-8669-DEDCCFFAE4CF}"
EndProject
Global
	GlobalSection(SolutionConfigurationPlatforms) = preSolution
		Debug|Any CPU = Debug|Any CPU
		Release|Any CPU = Release|Any CPU
	EndGlobalSection
	GlobalSection(ProjectConfigurationPlatforms) = postSolution
		{FE760E7D-78D7-4285-9972-82892CA50521}.Debug|Any CPU.ActiveCfg = Debug|Any CPU
		{FE760E7D-78D7-4285-9972-82892CA50521}.Debug|Any CPU.Build.0 = Debug|Any CPU
		{FE760E7D-78D7-4285-9972-82892CA50521}.Release|Any CPU.ActiveCfg = Release|Any CPU
		{FE760E7D-78D7-4285-9972-82892CA50521}.Release|Any CPU.Build.0 = Release|Any CPU
		{ECAC7FC8-789A-450C-82ED-D579088103DD}.Debug|Any CPU.ActiveCfg = Debug|Any CPU
		{ECAC7FC8-789A-450C-82ED-D579088103DD}.Debug|Any CPU.Build.0 = Debug|Any CPU
		{ECAC7FC8-789A-450C-82ED-D579088103DD}.Release|Any CPU.ActiveCfg = Release|Any CPU
		{ECAC7FC8-789A-450C-82ED-D579088103DD}.Release|Any CPU.Build.0 = Release|Any CPU
		{002293DB-E6BA-4ED3-8669-DEDCCFFAE4CF}.Debug|Any CPU.ActiveCfg = Debug|Any CPU
		{002293DB-E6BA-4ED3-8669-DEDCCFFAE4CF}.Debug|Any CPU.Build.0 = Debug|Any CPU
		{002293DB-E6BA-4ED3-8669-DEDCCFFAE4CF}.Release|Any CPU.ActiveCfg = Release|Any CPU
		{002293DB-E6BA-4ED3-8669-DEDCCFFAE4CF}.Release|Any CPU.Build.0 = Release|Any CPU
	EndGlobalSection
	GlobalSection(SolutionProperties) = preSolution
		HideSolutionNode = FALSE
	EndGlobalSection
	GlobalSection(ExtensibilityGlobals) = postSolution
		SolutionGuid = {154BFEED-B2C7-4D03-9EF9-8D9414D9C8B7}
	EndGlobalSection
EndGlobal
